<?xml version="1.0" encoding="UTF-8" standalone="yes" ?>
<CodeBlocks_project_file>
	<FileVersion major="1" minor="6" />
	<Project>
		<Option title="JsonPL" />
		<Option pch_mode="2" />
		<Option compiler="gcc" />
		<Option virtualFolders="com.middlemind.JsonPL/;com.middlemind.JsonPL.FileIO/;com.middlemind.JsonPL.JsonObjs/;com.middlemind.JsonPL.Loaders/;com.middlemind.JsonPL/Sources/;com.middlemind.JsonPL/Headers/;com.middlemind.JsonPL.Exceptions/" />
		<Build>
			<Target title="Debug">
				<Option output="bin/Debug/JsonPL" prefix_auto="1" extension_auto="1" />
				<Option object_output="obj/Debug/" />
				<Option type="1" />
				<Option compiler="gcc" />
				<Compiler>
					<Add option="-g" />
				</Compiler>
			</Target>
			<Target title="Release">
				<Option output="bin/Release/JsonPL" prefix_auto="1" extension_auto="1" />
				<Option object_output="obj/Release/" />
				<Option type="1" />
				<Option compiler="gcc" />
				<Compiler>
					<Add option="-O2" />
				</Compiler>
				<Linker>
					<Add option="-s" />
				</Linker>
			</Target>
		</Build>
		<Compiler>
			<Add option="-Wall" />
		</Compiler>
		<Unit filename="jsonpl.c">
			<Option compilerVar="CC" />
			<Option virtualFolder="com.middlemind.JsonPL/" />
		</Unit>
		<Unit filename="vgb_exception_base.h">
			<Option virtualFolder="com.middlemind.JsonPL.Exceptions/" />
		</Unit>
		<Unit filename="vgb_exception_loader.h">
			<Option virtualFolder="com.middlemind.JsonPL.Exceptions/" />
		</Unit>
		<Unit filename="vgb_file_loader.c">
			<Option compilerVar="CC" />
			<Option virtualFolder="com.middlemind.JsonPL.FileIO/" />
		</Unit>
		<Unit filename="vgb_file_loader.h">
			<Option virtualFolder="com.middlemind.JsonPL.FileIO/" />
		</Unit>
		<Unit filename="vgb_file_unloader.c">
			<Option compilerVar="CC" />
			<Option virtualFolder="com.middlemind.JsonPL.FileIO/" />
		</Unit>
		<Unit filename="vgb_file_unloader.h">
			<Option virtualFolder="com.middlemind.JsonPL.FileIO/" />
		</Unit>
		<Unit filename="vgb_logger.c">
			<Option compilerVar="CC" />
			<Option virtualFolder="com.middlemind.JsonPL/Sources/" />
		</Unit>
		<Unit filename="vgb_logger.h">
			<Option virtualFolder="com.middlemind.JsonPL/Headers/" />
		</Unit>
		<Unit filename="vgb_system_function_handler_jpl.c">
			<Option compilerVar="CC" />
			<Option virtualFolder="com.middlemind.JsonPL/Sources/" />
		</Unit>
		<Unit filename="vgb_system_function_handler_jpl.h">
			<Option virtualFolder="com.middlemind.JsonPL/Headers/" />
		</Unit>
		<Unit filename="vgb_utils.c">
			<Option compilerVar="CC" />
			<Option virtualFolder="com.middlemind.JsonPL/Sources/" />
		</Unit>
		<Unit filename="vgb_utils.h">
			<Option virtualFolder="com.middlemind.JsonPL/Headers/" />
		</Unit>
		<Unit filename="vgbbin.c">
			<Option compilerVar="CC" />
			<Option virtualFolder="com.middlemind.JsonPL/Sources/" />
		</Unit>
		<Unit filename="vgbbin.h">
			<Option virtualFolder="com.middlemind.JsonPL/Headers/" />
		</Unit>
		<Unit filename="vgbhash.c">
			<Option compilerVar="CC" />
			<Option virtualFolder="com.middlemind.JsonPL/Sources/" />
		</Unit>
		<Unit filename="vgbhash.h">
			<Option virtualFolder="com.middlemind.JsonPL/Headers/" />
		</Unit>
		<Unit filename="vgblist.c">
			<Option compilerVar="CC" />
			<Option virtualFolder="com.middlemind.JsonPL/Sources/" />
		</Unit>
		<Unit filename="vgblist.h">
			<Option virtualFolder="com.middlemind.JsonPL/Headers/" />
		</Unit>
		<Unit filename="vgbstr.c">
			<Option compilerVar="CC" />
			<Option virtualFolder="com.middlemind.JsonPL/Sources/" />
		</Unit>
		<Unit filename="vgbstr.h">
			<Option virtualFolder="com.middlemind.JsonPL/Headers/" />
		</Unit>
		<Extensions>
			<lib_finder disable_auto="1" />
		</Extensions>
	</Project>
</CodeBlocks_project_file>
